
Microsoft Visual Studio Solution File, Format Version 12.00
Project("{FAE04EC0-301F-11D3-BF4B-00C04F79EFBC}") = "EvilGiraf", "EvilGiraf\EvilGiraf.csproj", "{813728C9-9445-4338-842C-D5D5FB348980}"
EndProject
Project("{FAE04EC0-301F-11D3-BF4B-00C04F79EFBC}") = "EvilGiraf.Tests", "EvilGiraf.Tests\EvilGiraf.Tests.csproj", "{23039A0E-BCC1-4E16-9BE6-6038A90D759B}"
EndProject
Project("{FAE04EC0-301F-11D3-BF4B-00C04F79EFBC}") = "EvilGiraf.IntegrationTests", "EvilGiraf.IntegrationTests\EvilGiraf.IntegrationTests.csproj", "{5C280907-B28A-4E08-AC1F-CDBAEAF030C4}"
EndProject
Global
	GlobalSection(SolutionConfigurationPlatforms) = preSolution
		Debug|Any CPU = Debug|Any CPU
		Release|Any CPU = Release|Any CPU
	EndGlobalSection
	GlobalSection(ProjectConfigurationPlatforms) = postSolution
		{813728C9-9445-4338-842C-D5D5FB348980}.Debug|Any CPU.ActiveCfg = Debug|Any CPU
		{813728C9-9445-4338-842C-D5D5FB348980}.Debug|Any CPU.Build.0 = Debug|Any CPU
		{813728C9-9445-4338-842C-D5D5FB348980}.Release|Any CPU.ActiveCfg = Release|Any CPU
		{813728C9-9445-4338-842C-D5D5FB348980}.Release|Any CPU.Build.0 = Release|Any CPU
		{23039A0E-BCC1-4E16-9BE6-6038A90D759B}.Debug|Any CPU.ActiveCfg = Debug|Any CPU
		{23039A0E-BCC1-4E16-9BE6-6038A90D759B}.Debug|Any CPU.Build.0 = Debug|Any CPU
		{23039A0E-BCC1-4E16-9BE6-6038A90D759B}.Release|Any CPU.ActiveCfg = Release|Any CPU
		{23039A0E-BCC1-4E16-9BE6-6038A90D759B}.Release|Any CPU.Build.0 = Release|Any CPU
		{5C280907-B28A-4E08-AC1F-CDBAEAF030C4}.Debug|Any CPU.ActiveCfg = Debug|Any CPU
		{5C280907-B28A-4E08-AC1F-CDBAEAF030C4}.Debug|Any CPU.Build.0 = Debug|Any CPU
		{5C280907-B28A-4E08-AC1F-CDBAEAF030C4}.Release|Any CPU.ActiveCfg = Release|Any CPU
		{5C280907-B28A-4E08-AC1F-CDBAEAF030C4}.Release|Any CPU.Build.0 = Release|Any CPU
	EndGlobalSection
EndGlobal
